
Microsoft Visual Studio Solution File, Format Version 12.00
# Visual Studio Version 17
VisualStudioVersion = 17.3.32611.2
MinimumVisualStudioVersion = 10.0.40219.1
Project("{9A19103F-16F7-4668-BE54-9A1E7A4F7556}") = "ArtistInfoSearcher", "ArtistInfoSearcher.csproj", "{710A7975-A6F8-4AF2-B33C-382F0EB9C041}"
EndProject
Project("{FAE04EC0-301F-11D3-BF4B-00C04F79EFBC}") = "Desktop", "..\Desktop\Desktop.csproj", "{80DFB2A9-7E85-4144-B49D-AFC55AC31EB1}"
EndProject
Project("{FAE04EC0-301F-11D3-BF4B-00C04F79EFBC}") = "SearchLib", "..\SearchLib\SearchLib.csproj", "{FAE0DEE3-7FD0-401F-977A-B7FD60B298D4}"
EndProject
Global
	GlobalSection(SolutionConfigurationPlatforms) = preSolution
		Debug|Any CPU = Debug|Any CPU
		Release|Any CPU = Release|Any CPU
	EndGlobalSection
	GlobalSection(ProjectConfigurationPlatforms) = postSolution
		{710A7975-A6F8-4AF2-B33C-382F0EB9C041}.Debug|Any CPU.ActiveCfg = Debug|Any CPU
		{710A7975-A6F8-4AF2-B33C-382F0EB9C041}.Debug|Any CPU.Build.0 = Debug|Any CPU
		{710A7975-A6F8-4AF2-B33C-382F0EB9C041}.Release|Any CPU.ActiveCfg = Release|Any CPU
		{710A7975-A6F8-4AF2-B33C-382F0EB9C041}.Release|Any CPU.Build.0 = Release|Any CPU
		{80DFB2A9-7E85-4144-B49D-AFC55AC31EB1}.Debug|Any CPU.ActiveCfg = Debug|Any CPU
		{80DFB2A9-7E85-4144-B49D-AFC55AC31EB1}.Debug|Any CPU.Build.0 = Debug|Any CPU
		{80DFB2A9-7E85-4144-B49D-AFC55AC31EB1}.Release|Any CPU.ActiveCfg = Release|Any CPU
		{80DFB2A9-7E85-4144-B49D-AFC55AC31EB1}.Release|Any CPU.Build.0 = Release|Any CPU
		{FAE0DEE3-7FD0-401F-977A-B7FD60B298D4}.Debug|Any CPU.ActiveCfg = Debug|Any CPU
		{FAE0DEE3-7FD0-401F-977A-B7FD60B298D4}.Debug|Any CPU.Build.0 = Debug|Any CPU
		{FAE0DEE3-7FD0-401F-977A-B7FD60B298D4}.Release|Any CPU.ActiveCfg = Release|Any CPU
		{FAE0DEE3-7FD0-401F-977A-B7FD60B298D4}.Release|Any CPU.Build.0 = Release|Any CPU
	EndGlobalSection
	GlobalSection(SolutionProperties) = preSolution
		HideSolutionNode = FALSE
	EndGlobalSection
	GlobalSection(ExtensibilityGlobals) = postSolution
		SolutionGuid = {D99B28BD-1F5D-4EA3-BF45-745755DB222F}
	EndGlobalSection
EndGlobal
