
Microsoft Visual Studio Solution File, Format Version 12.00
# Visual Studio Version 17
VisualStudioVersion = 17.3.32611.2
MinimumVisualStudioVersion = 10.0.40219.1
Project("{FAE04EC0-301F-11D3-BF4B-00C04F79EFBC}") = "ArtistInfoSearcher", "ArtistInfoSearcher.csproj", "{710A7975-A6F8-4AF2-B33C-382F0EB9C041}"
EndProject
Global
	GlobalSection(SolutionConfigurationPlatforms) = preSolution
		Debug|Any CPU = Debug|Any CPU
		Release|Any CPU = Release|Any CPU
	EndGlobalSection
	GlobalSection(ProjectConfigurationPlatforms) = postSolution
		{710A7975-A6F8-4AF2-B33C-382F0EB9C041}.Debug|Any CPU.ActiveCfg = Debug|Any CPU
		{710A7975-A6F8-4AF2-B33C-382F0EB9C041}.Debug|Any CPU.Build.0 = Debug|Any CPU
		{710A7975-A6F8-4AF2-B33C-382F0EB9C041}.Release|Any CPU.ActiveCfg = Release|Any CPU
		{710A7975-A6F8-4AF2-B33C-382F0EB9C041}.Release|Any CPU.Build.0 = Release|Any CPU
	EndGlobalSection
	GlobalSection(SolutionProperties) = preSolution
		HideSolutionNode = FALSE
	EndGlobalSection
	GlobalSection(ExtensibilityGlobals) = postSolution
		SolutionGuid = {D99B28BD-1F5D-4EA3-BF45-745755DB222F}
	EndGlobalSection
EndGlobal
